// !$*UTF8*$!
{
	archiveVersion = 1;
	classes = {
	};
	objectVersion = 56;
	objects = {

/* Begin PBXBuildFile section */
		A444156329FADC3200A25BB7 /* AppDelegate.swift in Sources */ = {isa = PBXBuildFile; fileRef = A444156229FADC3200A25BB7 /* AppDelegate.swift */; };
		A444156529FADC3200A25BB7 /* SceneDelegate.swift in Sources */ = {isa = PBXBuildFile; fileRef = A444156429FADC3200A25BB7 /* SceneDelegate.swift */; };
		A444156729FADC3200A25BB7 /* ViewController.swift in Sources */ = {isa = PBXBuildFile; fileRef = A444156629FADC3200A25BB7 /* ViewController.swift */; };
		A444156A29FADC3200A25BB7 /* Main.storyboard in Resources */ = {isa = PBXBuildFile; fileRef = A444156829FADC3200A25BB7 /* Main.storyboard */; };
		A444156C29FADC3300A25BB7 /* Assets.xcassets in Resources */ = {isa = PBXBuildFile; fileRef = A444156B29FADC3300A25BB7 /* Assets.xcassets */; };
		A444156F29FADC3300A25BB7 /* LaunchScreen.storyboard in Resources */ = {isa = PBXBuildFile; fileRef = A444156D29FADC3300A25BB7 /* LaunchScreen.storyboard */; };
/* End PBXBuildFile section */

/* Begin PBXContainerItemProxy section */
		A444159A29FADC7200A25BB7 /* PBXContainerItemProxy */ = {
			isa = PBXContainerItemProxy;
			containerPortal = A444159629FADC7200A25BB7 /* Sync & Async.xcodeproj */;
			proxyType = 2;
			remoteGlobalIDString = A444157F29FADC7100A25BB7;
			remoteInfo = "Sync & Async";
		};
/* End PBXContainerItemProxy section */

/* Begin PBXFileReference section */
		A444155F29FADC3200A25BB7 /* Develope Study.app */ = {isa = PBXFileReference; explicitFileType = wrapper.application; includeInIndex = 0; path = "Develope Study.app"; sourceTree = BUILT_PRODUCTS_DIR; };
		A444156229FADC3200A25BB7 /* AppDelegate.swift */ = {isa = PBXFileReference; lastKnownFileType = sourcecode.swift; path = AppDelegate.swift; sourceTree = "<group>"; };
		A444156429FADC3200A25BB7 /* SceneDelegate.swift */ = {isa = PBXFileReference; lastKnownFileType = sourcecode.swift; path = SceneDelegate.swift; sourceTree = "<group>"; };
		A444156629FADC3200A25BB7 /* ViewController.swift */ = {isa = PBXFileReference; lastKnownFileType = sourcecode.swift; path = ViewController.swift; sourceTree = "<group>"; };
		A444156929FADC3200A25BB7 /* Base */ = {isa = PBXFileReference; lastKnownFileType = file.storyboard; name = Base; path = Base.lproj/Main.storyboard; sourceTree = "<group>"; };
		A444156B29FADC3300A25BB7 /* Assets.xcassets */ = {isa = PBXFileReference; lastKnownFileType = folder.assetcatalog; path = Assets.xcassets; sourceTree = "<group>"; };
		A444156E29FADC3300A25BB7 /* Base */ = {isa = PBXFileReference; lastKnownFileType = file.storyboard; name = Base; path = Base.lproj/LaunchScreen.storyboard; sourceTree = "<group>"; };
		A444157029FADC3300A25BB7 /* Info.plist */ = {isa = PBXFileReference; lastKnownFileType = text.plist.xml; path = Info.plist; sourceTree = "<group>"; };
		A444159629FADC7200A25BB7 /* Sync & Async.xcodeproj */ = {isa = PBXFileReference; lastKnownFileType = "wrapper.pb-project"; name = "Sync & Async.xcodeproj"; path = "../Sync & Async/Sync & Async.xcodeproj"; sourceTree = "<group>"; };
/* End PBXFileReference section */

/* Begin PBXFrameworksBuildPhase section */
		A444155C29FADC3200A25BB7 /* Frameworks */ = {
			isa = PBXFrameworksBuildPhase;
			buildActionMask = 2147483647;
			files = (
			);
			runOnlyForDeploymentPostprocessing = 0;
		};
/* End PBXFrameworksBuildPhase section */

/* Begin PBXGroup section */
		A444155629FADC3200A25BB7 = {
			isa = PBXGroup;
			children = (
				A444156129FADC3200A25BB7 /* --------------- */,
				A444159629FADC7200A25BB7 /* Sync & Async.xcodeproj */,
				A444156029FADC3200A25BB7 /* Products */,
			);
			sourceTree = "<group>";
		};
		A444156029FADC3200A25BB7 /* Products */ = {
			isa = PBXGroup;
			children = (
				A444155F29FADC3200A25BB7 /* Develope Study.app */,
			);
			name = Products;
			sourceTree = "<group>";
		};
		A444156129FADC3200A25BB7 /* --------------- */ = {
			isa = PBXGroup;
			children = (
				A444156229FADC3200A25BB7 /* AppDelegate.swift */,
				A444156429FADC3200A25BB7 /* SceneDelegate.swift */,
				A444156629FADC3200A25BB7 /* ViewController.swift */,
				A444156829FADC3200A25BB7 /* Main.storyboard */,
				A444156B29FADC3300A25BB7 /* Assets.xcassets */,
				A444156D29FADC3300A25BB7 /* LaunchScreen.storyboard */,
				A444157029FADC3300A25BB7 /* Info.plist */,
			);
			path = "---------------";
			sourceTree = "<group>";
		};
		A444159729FADC7200A25BB7 /* Products */ = {
			isa = PBXGroup;
			children = (
				A444159B29FADC7200A25BB7 /* Sync & Async.app */,
			);
			name = Products;
			sourceTree = "<group>";
		};
/* End PBXGroup section */

/* Begin PBXNativeTarget section */
		A444155E29FADC3200A25BB7 /* Develope Study */ = {
			isa = PBXNativeTarget;
			buildConfigurationList = A444157329FADC3300A25BB7 /* Build configuration list for PBXNativeTarget "Develope Study" */;
			buildPhases = (
				A444155B29FADC3200A25BB7 /* Sources */,
				A444155C29FADC3200A25BB7 /* Frameworks */,
				A444155D29FADC3200A25BB7 /* Resources */,
			);
			buildRules = (
			);
			dependencies = (
			);
			name = "Develope Study";
			productName = "Develope Study";
			productReference = A444155F29FADC3200A25BB7 /* Develope Study.app */;
			productType = "com.apple.product-type.application";
		};
/* End PBXNativeTarget section */

/* Begin PBXProject section */
		A444155729FADC3200A25BB7 /* Project object */ = {
			isa = PBXProject;
			attributes = {
				BuildIndependentTargetsInParallel = 1;
				LastSwiftUpdateCheck = 1430;
				LastUpgradeCheck = 1430;
				TargetAttributes = {
					A444155E29FADC3200A25BB7 = {
						CreatedOnToolsVersion = 14.3;
					};
				};
			};
			buildConfigurationList = A444155A29FADC3200A25BB7 /* Build configuration list for PBXProject "Develope Study" */;
			compatibilityVersion = "Xcode 14.0";
			developmentRegion = en;
			hasScannedForEncodings = 0;
			knownRegions = (
				en,
				Base,
			);
			mainGroup = A444155629FADC3200A25BB7;
			productRefGroup = A444156029FADC3200A25BB7 /* Products */;
			projectDirPath = "";
			projectReferences = (
				{
					ProductGroup = A444159729FADC7200A25BB7 /* Products */;
					ProjectRef = A444159629FADC7200A25BB7 /* Sync & Async.xcodeproj */;
				},
			);
			projectRoot = "";
			targets = (
				A444155E29FADC3200A25BB7 /* Develope Study */,
			);
		};
/* End PBXProject section */

/* Begin PBXReferenceProxy section */
		A444159B29FADC7200A25BB7 /* Sync & Async.app */ = {
			isa = PBXReferenceProxy;
			fileType = wrapper.application;
			path = "Sync & Async.app";
			remoteRef = A444159A29FADC7200A25BB7 /* PBXContainerItemProxy */;
			sourceTree = BUILT_PRODUCTS_DIR;
		};
/* End PBXReferenceProxy section */

/* Begin PBXResourcesBuildPhase section */
		A444155D29FADC3200A25BB7 /* Resources */ = {
			isa = PBXResourcesBuildPhase;
			buildActionMask = 2147483647;
			files = (
				A444156F29FADC3300A25BB7 /* LaunchScreen.storyboard in Resources */,
				A444156C29FADC3300A25BB7 /* Assets.xcassets in Resources */,
				A444156A29FADC3200A25BB7 /* Main.storyboard in Resources */,
			);
			runOnlyForDeploymentPostprocessing = 0;
		};
/* End PBXResourcesBuildPhase section */

/* Begin PBXSourcesBuildPhase section */
		A444155B29FADC3200A25BB7 /* Sources */ = {
			isa = PBXSourcesBuildPhase;
			buildActionMask = 2147483647;
			files = (
				A444156729FADC3200A25BB7 /* ViewController.swift in Sources */,
				A444156329FADC3200A25BB7 /* AppDelegate.swift in Sources */,
				A444156529FADC3200A25BB7 /* SceneDelegate.swift in Sources */,
			);
			runOnlyForDeploymentPostprocessing = 0;
		};
/* End PBXSourcesBuildPhase section */

/* Begin PBXVariantGroup section */
		A444156829FADC3200A25BB7 /* Main.storyboard */ = {
			isa = PBXVariantGroup;
			children = (
				A444156929FADC3200A25BB7 /* Base */,
			);
			name = Main.storyboard;
			sourceTree = "<group>";
		};
		A444156D29FADC3300A25BB7 /* LaunchScreen.storyboard */ = {
			isa = PBXVariantGroup;
			children = (
				A444156E29FADC3300A25BB7 /* Base */,
			);
			name = LaunchScreen.storyboard;
			sourceTree = "<group>";
		};
/* End PBXVariantGroup section */

/* Begin XCBuildConfiguration section */
		A444157129FADC3300A25BB7 /* Debug */ = {
			isa = XCBuildConfiguration;
			buildSettings = {
				ALWAYS_SEARCH_USER_PATHS = NO;
				CLANG_ANALYZER_NONNULL = YES;
				CLANG_ANALYZER_NUMBER_OBJECT_CONVERSION = YES_AGGRESSIVE;
				CLANG_CXX_LANGUAGE_STANDARD = "gnu++20";
				CLANG_ENABLE_MODULES = YES;
				CLANG_ENABLE_OBJC_ARC = YES;
				CLANG_ENABLE_OBJC_WEAK = YES;
				CLANG_WARN_BLOCK_CAPTURE_AUTORELEASING = YES;
				CLANG_WARN_BOOL_CONVERSION = YES;
				CLANG_WARN_COMMA = YES;
				CLANG_WARN_CONSTANT_CONVERSION = YES;
				CLANG_WARN_DEPRECATED_OBJC_IMPLEMENTATIONS = YES;
				CLANG_WARN_DIRECT_OBJC_ISA_USAGE = YES_ERROR;
				CLANG_WARN_DOCUMENTATION_COMMENTS = YES;
				CLANG_WARN_EMPTY_BODY = YES;
				CLANG_WARN_ENUM_CONVERSION = YES;
				CLANG_WARN_INFINITE_RECURSION = YES;
				CLANG_WARN_INT_CONVERSION = YES;
				CLANG_WARN_NON_LITERAL_NULL_CONVERSION = YES;
				CLANG_WARN_OBJC_IMPLICIT_RETAIN_SELF = YES;
				CLANG_WARN_OBJC_LITERAL_CONVERSION = YES;
				CLANG_WARN_OBJC_ROOT_CLASS = YES_ERROR;
				CLANG_WARN_QUOTED_INCLUDE_IN_FRAMEWORK_HEADER = YES;
				CLANG_WARN_RANGE_LOOP_ANALYSIS = YES;
				CLANG_WARN_STRICT_PROTOTYPES = YES;
				CLANG_WARN_SUSPICIOUS_MOVE = YES;
				CLANG_WARN_UNGUARDED_AVAILABILITY = YES_AGGRESSIVE;
				CLANG_WARN_UNREACHABLE_CODE = YES;
				CLANG_WARN__DUPLICATE_METHOD_MATCH = YES;
				COPY_PHASE_STRIP = NO;
				DEBUG_INFORMATION_FORMAT = dwarf;
				ENABLE_STRICT_OBJC_MSGSEND = YES;
				ENABLE_TESTABILITY = YES;
				GCC_C_LANGUAGE_STANDARD = gnu11;
				GCC_DYNAMIC_NO_PIC = NO;
				GCC_NO_COMMON_BLOCKS = YES;
				GCC_OPTIMIZATION_LEVEL = 0;
				GCC_PREPROCESSOR_DEFINITIONS = (
					"DEBUG=1",
					"$(inherited)",
				);
				GCC_WARN_64_TO_32_BIT_CONVERSION = YES;
				GCC_WARN_ABOUT_RETURN_TYPE = YES_ERROR;
				GCC_WARN_UNDECLARED_SELECTOR = YES;
				GCC_WARN_UNINITIALIZED_AUTOS = YES_AGGRESSIVE;
				GCC_WARN_UNUSED_FUNCTION = YES;
				GCC_WARN_UNUSED_VARIABLE = YES;
				IPHONEOS_DEPLOYMENT_TARGET = 16.4;
				MTL_ENABLE_DEBUG_INFO = INCLUDE_SOURCE;
				MTL_FAST_MATH = YES;
				ONLY_ACTIVE_ARCH = YES;
				SDKROOT = iphoneos;
				SWIFT_ACTIVE_COMPILATION_CONDITIONS = DEBUG;
				SWIFT_OPTIMIZATION_LEVEL = "-Onone";
			};
			name = Debug;
		};
		A444157229FADC3300A25BB7 /* Release */ = {
			isa = XCBuildConfiguration;
			buildSettings = {
				ALWAYS_SEARCH_USER_PATHS = NO;
				CLANG_ANALYZER_NONNULL = YES;
				CLANG_ANALYZER_NUMBER_OBJECT_CONVERSION = YES_AGGRESSIVE;
				CLANG_CXX_LANGUAGE_STANDARD = "gnu++20";
				CLANG_ENABLE_MODULES = YES;
				CLANG_ENABLE_OBJC_ARC = YES;
				CLANG_ENABLE_OBJC_WEAK = YES;
				CLANG_WARN_BLOCK_CAPTURE_AUTORELEASING = YES;
				CLANG_WARN_BOOL_CONVERSION = YES;
				CLANG_WARN_COMMA = YES;
				CLANG_WARN_CONSTANT_CONVERSION = YES;
				CLANG_WARN_DEPRECATED_OBJC_IMPLEMENTATIONS = YES;
				CLANG_WARN_DIRECT_OBJC_ISA_USAGE = YES_ERROR;
				CLANG_WARN_DOCUMENTATION_COMMENTS = YES;
				CLANG_WARN_EMPTY_BODY = YES;
				CLANG_WARN_ENUM_CONVERSION = YES;
				CLANG_WARN_INFINITE_RECURSION = YES;
				CLANG_WARN_INT_CONVERSION = YES;
				CLANG_WARN_NON_LITERAL_NULL_CONVERSION = YES;
				CLANG_WARN_OBJC_IMPLICIT_RETAIN_SELF = YES;
				CLANG_WARN_OBJC_LITERAL_CONVERSION = YES;
				CLANG_WARN_OBJC_ROOT_CLASS = YES_ERROR;
				CLANG_WARN_QUOTED_INCLUDE_IN_FRAMEWORK_HEADER = YES;
				CLANG_WARN_RANGE_LOOP_ANALYSIS = YES;
				CLANG_WARN_STRICT_PROTOTYPES = YES;
				CLANG_WARN_SUSPICIOUS_MOVE = YES;
				CLANG_WARN_UNGUARDED_AVAILABILITY = YES_AGGRESSIVE;
				CLANG_WARN_UNREACHABLE_CODE = YES;
				CLANG_WARN__DUPLICATE_METHOD_MATCH = YES;
				COPY_PHASE_STRIP = NO;
				DEBUG_INFORMATION_FORMAT = "dwarf-with-dsym";
				ENABLE_NS_ASSERTIONS = NO;
				ENABLE_STRICT_OBJC_MSGSEND = YES;
				GCC_C_LANGUAGE_STANDARD = gnu11;
				GCC_NO_COMMON_BLOCKS = YES;
				GCC_WARN_64_TO_32_BIT_CONVERSION = YES;
				GCC_WARN_ABOUT_RETURN_TYPE = YES_ERROR;
				GCC_WARN_UNDECLARED_SELECTOR = YES;
				GCC_WARN_UNINITIALIZED_AUTOS = YES_AGGRESSIVE;
				GCC_WARN_UNUSED_FUNCTION = YES;
				GCC_WARN_UNUSED_VARIABLE = YES;
				IPHONEOS_DEPLOYMENT_TARGET = 16.4;
				MTL_ENABLE_DEBUG_INFO = NO;
				MTL_FAST_MATH = YES;
				SDKROOT = iphoneos;
				SWIFT_COMPILATION_MODE = wholemodule;
				SWIFT_OPTIMIZATION_LEVEL = "-O";
				VALIDATE_PRODUCT = YES;
			};
			name = Release;
		};
		A444157429FADC3300A25BB7 /* Debug */ = {
			isa = XCBuildConfiguration;
			buildSettings = {
				ASSETCATALOG_COMPILER_APPICON_NAME = AppIcon;
				ASSETCATALOG_COMPILER_GLOBAL_ACCENT_COLOR_NAME = AccentColor;
				CODE_SIGN_STYLE = Automatic;
				CURRENT_PROJECT_VERSION = 1;
				DEVELOPMENT_TEAM = 2A64DZW2AH;
				GENERATE_INFOPLIST_FILE = YES;
				INFOPLIST_FILE = "Develope Study/Info.plist";
				INFOPLIST_KEY_UIApplicationSupportsIndirectInputEvents = YES;
				INFOPLIST_KEY_UILaunchStoryboardName = LaunchScreen;
				INFOPLIST_KEY_UIMainStoryboardFile = Main;
				INFOPLIST_KEY_UISupportedInterfaceOrientations_iPad = "UIInterfaceOrientationPortrait UIInterfaceOrientationPortraitUpsideDown UIInterfaceOrientationLandscapeLeft UIInterfaceOrientationLandscapeRight";
				INFOPLIST_KEY_UISupportedInterfaceOrientations_iPhone = "UIInterfaceOrientationPortrait UIInterfaceOrientationLandscapeLeft UIInterfaceOrientationLandscapeRight";
				LD_RUNPATH_SEARCH_PATHS = (
					"$(inherited)",
					"@executable_path/Frameworks",
				);
				MARKETING_VERSION = 1.0;
				PRODUCT_BUNDLE_IDENTIFIER = "com.develope216.Develope-Study";
				PRODUCT_NAME = "$(TARGET_NAME)";
				SWIFT_EMIT_LOC_STRINGS = YES;
				SWIFT_VERSION = 5.0;
				TARGETED_DEVICE_FAMILY = "1,2";
			};
			name = Debug;
		};
		A444157529FADC3300A25BB7 /* Release */ = {
			isa = XCBuildConfiguration;
			buildSettings = {
				ASSETCATALOG_COMPILER_APPICON_NAME = AppIcon;
				ASSETCATALOG_COMPILER_GLOBAL_ACCENT_COLOR_NAME = AccentColor;
				CODE_SIGN_STYLE = Automatic;
				CURRENT_PROJECT_VERSION = 1;
				DEVELOPMENT_TEAM = 2A64DZW2AH;
				GENERATE_INFOPLIST_FILE = YES;
				INFOPLIST_FILE = "Develope Study/Info.plist";
				INFOPLIST_KEY_UIApplicationSupportsIndirectInputEvents = YES;
				INFOPLIST_KEY_UILaunchStoryboardName = LaunchScreen;
				INFOPLIST_KEY_UIMainStoryboardFile = Main;
				INFOPLIST_KEY_UISupportedInterfaceOrientations_iPad = "UIInterfaceOrientationPortrait UIInterfaceOrientationPortraitUpsideDown UIInterfaceOrientationLandscapeLeft UIInterfaceOrientationLandscapeRight";
				INFOPLIST_KEY_UISupportedInterfaceOrientations_iPhone = "UIInterfaceOrientationPortrait UIInterfaceOrientationLandscapeLeft UIInterfaceOrientationLandscapeRight";
				LD_RUNPATH_SEARCH_PATHS = (
					"$(inherited)",
					"@executable_path/Frameworks",
				);
				MARKETING_VERSION = 1.0;
				PRODUCT_BUNDLE_IDENTIFIER = "com.develope216.Develope-Study";
				PRODUCT_NAME = "$(TARGET_NAME)";
				SWIFT_EMIT_LOC_STRINGS = YES;
				SWIFT_VERSION = 5.0;
				TARGETED_DEVICE_FAMILY = "1,2";
			};
			name = Release;
		};
/* End XCBuildConfiguration section */

/* Begin XCConfigurationList section */
		A444155A29FADC3200A25BB7 /* Build configuration list for PBXProject "Develope Study" */ = {
			isa = XCConfigurationList;
			buildConfigurations = (
				A444157129FADC3300A25BB7 /* Debug */,
				A444157229FADC3300A25BB7 /* Release */,
			);
			defaultConfigurationIsVisible = 0;
			defaultConfigurationName = Release;
		};
		A444157329FADC3300A25BB7 /* Build configuration list for PBXNativeTarget "Develope Study" */ = {
			isa = XCConfigurationList;
			buildConfigurations = (
				A444157429FADC3300A25BB7 /* Debug */,
				A444157529FADC3300A25BB7 /* Release */,
			);
			defaultConfigurationIsVisible = 0;
			defaultConfigurationName = Release;
		};
/* End XCConfigurationList section */
	};
	rootObject = A444155729FADC3200A25BB7 /* Project object */;
}
